// !$*UTF8*$!
{
	archiveVersion = 1;
	classes = {
	};
	objectVersion = 56;
	objects = {

/* Begin PBXBuildFile section */
		DD3DC72B2973CD660044283E /* iExpenseApp.swift in Sources */ = {isa = PBXBuildFile; fileRef = DD3DC72A2973CD660044283E /* iExpenseApp.swift */; };
		DD3DC72D2973CD660044283E /* ContentView.swift in Sources */ = {isa = PBXBuildFile; fileRef = DD3DC72C2973CD660044283E /* ContentView.swift */; };
		DD3DC72F2973CD6A0044283E /* Assets.xcassets in Resources */ = {isa = PBXBuildFile; fileRef = DD3DC72E2973CD6A0044283E /* Assets.xcassets */; };
		DD3DC7322973CD6A0044283E /* Preview Assets.xcassets in Resources */ = {isa = PBXBuildFile; fileRef = DD3DC7312973CD6A0044283E /* Preview Assets.xcassets */; };
		DDE9F49529754F7B001EFB67 /* Concept2.swift in Sources */ = {isa = PBXBuildFile; fileRef = DDE9F49429754F7B001EFB67 /* Concept2.swift */; };
		DDE9F49729754F87001EFB67 /* Concept1.swift in Sources */ = {isa = PBXBuildFile; fileRef = DDE9F49629754F87001EFB67 /* Concept1.swift */; };
		DDE9F49929757AFF001EFB67 /* Concept3.swift in Sources */ = {isa = PBXBuildFile; fileRef = DDE9F49829757AFF001EFB67 /* Concept3.swift */; };
		DDE9F49B297A2E1C001EFB67 /* Concept0.swift in Sources */ = {isa = PBXBuildFile; fileRef = DDE9F49A297A2E1C001EFB67 /* Concept0.swift */; };
		DDE9F49E297A3086001EFB67 /* ExpenseItem.swift in Sources */ = {isa = PBXBuildFile; fileRef = DDE9F49D297A3086001EFB67 /* ExpenseItem.swift */; };
		DDE9F4A0297A371C001EFB67 /* AddView.swift in Sources */ = {isa = PBXBuildFile; fileRef = DDE9F49F297A371C001EFB67 /* AddView.swift */; };
/* End PBXBuildFile section */

/* Begin PBXFileReference section */
		DD3DC7272973CD660044283E /* iExpense.app */ = {isa = PBXFileReference; explicitFileType = wrapper.application; includeInIndex = 0; path = iExpense.app; sourceTree = BUILT_PRODUCTS_DIR; };
		DD3DC72A2973CD660044283E /* iExpenseApp.swift */ = {isa = PBXFileReference; lastKnownFileType = sourcecode.swift; path = iExpenseApp.swift; sourceTree = "<group>"; };
		DD3DC72C2973CD660044283E /* ContentView.swift */ = {isa = PBXFileReference; lastKnownFileType = sourcecode.swift; path = ContentView.swift; sourceTree = "<group>"; };
		DD3DC72E2973CD6A0044283E /* Assets.xcassets */ = {isa = PBXFileReference; lastKnownFileType = folder.assetcatalog; path = Assets.xcassets; sourceTree = "<group>"; };
		DD3DC7312973CD6A0044283E /* Preview Assets.xcassets */ = {isa = PBXFileReference; lastKnownFileType = folder.assetcatalog; path = "Preview Assets.xcassets"; sourceTree = "<group>"; };
		DDE9F49429754F7B001EFB67 /* Concept2.swift */ = {isa = PBXFileReference; lastKnownFileType = sourcecode.swift; path = Concept2.swift; sourceTree = "<group>"; };
		DDE9F49629754F87001EFB67 /* Concept1.swift */ = {isa = PBXFileReference; lastKnownFileType = sourcecode.swift; path = Concept1.swift; sourceTree = "<group>"; };
		DDE9F49829757AFF001EFB67 /* Concept3.swift */ = {isa = PBXFileReference; lastKnownFileType = sourcecode.swift; path = Concept3.swift; sourceTree = "<group>"; };
		DDE9F49A297A2E1C001EFB67 /* Concept0.swift */ = {isa = PBXFileReference; lastKnownFileType = sourcecode.swift; path = Concept0.swift; sourceTree = "<group>"; };
		DDE9F49D297A3086001EFB67 /* ExpenseItem.swift */ = {isa = PBXFileReference; lastKnownFileType = sourcecode.swift; path = ExpenseItem.swift; sourceTree = "<group>"; };
		DDE9F49F297A371C001EFB67 /* AddView.swift */ = {isa = PBXFileReference; lastKnownFileType = sourcecode.swift; path = AddView.swift; sourceTree = "<group>"; };
/* End PBXFileReference section */

/* Begin PBXFrameworksBuildPhase section */
		DD3DC7242973CD660044283E /* Frameworks */ = {
			isa = PBXFrameworksBuildPhase;
			buildActionMask = 2147483647;
			files = (
			);
			runOnlyForDeploymentPostprocessing = 0;
		};
/* End PBXFrameworksBuildPhase section */

/* Begin PBXGroup section */
		DD3DC71E2973CD660044283E = {
			isa = PBXGroup;
			children = (
				DD3DC7292973CD660044283E /* iExpense */,
				DD3DC7282973CD660044283E /* Products */,
			);
			sourceTree = "<group>";
		};
		DD3DC7282973CD660044283E /* Products */ = {
			isa = PBXGroup;
			children = (
				DD3DC7272973CD660044283E /* iExpense.app */,
			);
			name = Products;
			sourceTree = "<group>";
		};
		DD3DC7292973CD660044283E /* iExpense */ = {
			isa = PBXGroup;
			children = (
				DD3DC72A2973CD660044283E /* iExpenseApp.swift */,
				DD3DC72C2973CD660044283E /* ContentView.swift */,
				DDE9F49F297A371C001EFB67 /* AddView.swift */,
				DDE9F49D297A3086001EFB67 /* ExpenseItem.swift */,
				DDE9F49C297A3042001EFB67 /* Concepts */,
				DD3DC72E2973CD6A0044283E /* Assets.xcassets */,
				DD3DC7302973CD6A0044283E /* Preview Content */,
			);
			path = iExpense;
			sourceTree = "<group>";
		};
		DD3DC7302973CD6A0044283E /* Preview Content */ = {
			isa = PBXGroup;
			children = (
				DD3DC7312973CD6A0044283E /* Preview Assets.xcassets */,
			);
			path = "Preview Content";
			sourceTree = "<group>";
		};
		DDE9F49C297A3042001EFB67 /* Concepts */ = {
			isa = PBXGroup;
			children = (
				DDE9F49A297A2E1C001EFB67 /* Concept0.swift */,
				DDE9F49629754F87001EFB67 /* Concept1.swift */,
				DDE9F49429754F7B001EFB67 /* Concept2.swift */,
				DDE9F49829757AFF001EFB67 /* Concept3.swift */,
			);
			path = Concepts;
			sourceTree = "<group>";
		};
/* End PBXGroup section */

/* Begin PBXNativeTarget section */
		DD3DC7262973CD660044283E /* iExpense */ = {
			isa = PBXNativeTarget;
			buildConfigurationList = DD3DC7352973CD6A0044283E /* Build configuration list for PBXNativeTarget "iExpense" */;
			buildPhases = (
				DD3DC7232973CD660044283E /* Sources */,
				DD3DC7242973CD660044283E /* Frameworks */,
				DD3DC7252973CD660044283E /* Resources */,
			);
			buildRules = (
			);
			dependencies = (
			);
			name = iExpense;
			productName = iExpense;
			productReference = DD3DC7272973CD660044283E /* iExpense.app */;
			productType = "com.apple.product-type.application";
		};
/* End PBXNativeTarget section */

/* Begin PBXProject section */
		DD3DC71F2973CD660044283E /* Project object */ = {
			isa = PBXProject;
			attributes = {
				BuildIndependentTargetsInParallel = 1;
				LastSwiftUpdateCheck = 1420;
				LastUpgradeCheck = 1420;
				TargetAttributes = {
					DD3DC7262973CD660044283E = {
						CreatedOnToolsVersion = 14.2;
					};
				};
			};
			buildConfigurationList = DD3DC7222973CD660044283E /* Build configuration list for PBXProject "iExpense" */;
			compatibilityVersion = "Xcode 14.0";
			developmentRegion = en;
			hasScannedForEncodings = 0;
			knownRegions = (
				en,
				Base,
			);
			mainGroup = DD3DC71E2973CD660044283E;
			productRefGroup = DD3DC7282973CD660044283E /* Products */;
			projectDirPath = "";
			projectRoot = "";
			targets = (
				DD3DC7262973CD660044283E /* iExpense */,
			);
		};
/* End PBXProject section */

/* Begin PBXResourcesBuildPhase section */
		DD3DC7252973CD660044283E /* Resources */ = {
			isa = PBXResourcesBuildPhase;
			buildActionMask = 2147483647;
			files = (
				DD3DC7322973CD6A0044283E /* Preview Assets.xcassets in Resources */,
				DD3DC72F2973CD6A0044283E /* Assets.xcassets in Resources */,
			);
			runOnlyForDeploymentPostprocessing = 0;
		};
/* End PBXResourcesBuildPhase section */

/* Begin PBXSourcesBuildPhase section */
		DD3DC7232973CD660044283E /* Sources */ = {
			isa = PBXSourcesBuildPhase;
			buildActionMask = 2147483647;
			files = (
				DDE9F49E297A3086001EFB67 /* ExpenseItem.swift in Sources */,
				DD3DC72D2973CD660044283E /* ContentView.swift in Sources */,
				DD3DC72B2973CD660044283E /* iExpenseApp.swift in Sources */,
				DDE9F49929757AFF001EFB67 /* Concept3.swift in Sources */,
				DDE9F4A0297A371C001EFB67 /* AddView.swift in Sources */,
				DDE9F49729754F87001EFB67 /* Concept1.swift in Sources */,
				DDE9F49529754F7B001EFB67 /* Concept2.swift in Sources */,
				DDE9F49B297A2E1C001EFB67 /* Concept0.swift in Sources */,
			);
			runOnlyForDeploymentPostprocessing = 0;
		};
/* End PBXSourcesBuildPhase section */

/* Begin XCBuildConfiguration section */
		DD3DC7332973CD6A0044283E /* Debug */ = {
			isa = XCBuildConfiguration;
			buildSettings = {
				ALWAYS_SEARCH_USER_PATHS = NO;
				CLANG_ANALYZER_NONNULL = YES;
				CLANG_ANALYZER_NUMBER_OBJECT_CONVERSION = YES_AGGRESSIVE;
				CLANG_CXX_LANGUAGE_STANDARD = "gnu++20";
				CLANG_ENABLE_MODULES = YES;
				CLANG_ENABLE_OBJC_ARC = YES;
				CLANG_ENABLE_OBJC_WEAK = YES;
				CLANG_WARN_BLOCK_CAPTURE_AUTORELEASING = YES;
				CLANG_WARN_BOOL_CONVERSION = YES;
				CLANG_WARN_COMMA = YES;
				CLANG_WARN_CONSTANT_CONVERSION = YES;
				CLANG_WARN_DEPRECATED_OBJC_IMPLEMENTATIONS = YES;
				CLANG_WARN_DIRECT_OBJC_ISA_USAGE = YES_ERROR;
				CLANG_WARN_DOCUMENTATION_COMMENTS = YES;
				CLANG_WARN_EMPTY_BODY = YES;
				CLANG_WARN_ENUM_CONVERSION = YES;
				CLANG_WARN_INFINITE_RECURSION = YES;
				CLANG_WARN_INT_CONVERSION = YES;
				CLANG_WARN_NON_LITERAL_NULL_CONVERSION = YES;
				CLANG_WARN_OBJC_IMPLICIT_RETAIN_SELF = YES;
				CLANG_WARN_OBJC_LITERAL_CONVERSION = YES;
				CLANG_WARN_OBJC_ROOT_CLASS = YES_ERROR;
				CLANG_WARN_QUOTED_INCLUDE_IN_FRAMEWORK_HEADER = YES;
				CLANG_WARN_RANGE_LOOP_ANALYSIS = YES;
				CLANG_WARN_STRICT_PROTOTYPES = YES;
				CLANG_WARN_SUSPICIOUS_MOVE = YES;
				CLANG_WARN_UNGUARDED_AVAILABILITY = YES_AGGRESSIVE;
				CLANG_WARN_UNREACHABLE_CODE = YES;
				CLANG_WARN__DUPLICATE_METHOD_MATCH = YES;
				COPY_PHASE_STRIP = NO;
				DEBUG_INFORMATION_FORMAT = dwarf;
				ENABLE_STRICT_OBJC_MSGSEND = YES;
				ENABLE_TESTABILITY = YES;
				GCC_C_LANGUAGE_STANDARD = gnu11;
				GCC_DYNAMIC_NO_PIC = NO;
				GCC_NO_COMMON_BLOCKS = YES;
				GCC_OPTIMIZATION_LEVEL = 0;
				GCC_PREPROCESSOR_DEFINITIONS = (
					"DEBUG=1",
					"$(inherited)",
				);
				GCC_WARN_64_TO_32_BIT_CONVERSION = YES;
				GCC_WARN_ABOUT_RETURN_TYPE = YES_ERROR;
				GCC_WARN_UNDECLARED_SELECTOR = YES;
				GCC_WARN_UNINITIALIZED_AUTOS = YES_AGGRESSIVE;
				GCC_WARN_UNUSED_FUNCTION = YES;
				GCC_WARN_UNUSED_VARIABLE = YES;
				IPHONEOS_DEPLOYMENT_TARGET = 16.2;
				MTL_ENABLE_DEBUG_INFO = INCLUDE_SOURCE;
				MTL_FAST_MATH = YES;
				ONLY_ACTIVE_ARCH = YES;
				SDKROOT = iphoneos;
				SWIFT_ACTIVE_COMPILATION_CONDITIONS = DEBUG;
				SWIFT_OPTIMIZATION_LEVEL = "-Onone";
			};
			name = Debug;
		};
		DD3DC7342973CD6A0044283E /* Release */ = {
			isa = XCBuildConfiguration;
			buildSettings = {
				ALWAYS_SEARCH_USER_PATHS = NO;
				CLANG_ANALYZER_NONNULL = YES;
				CLANG_ANALYZER_NUMBER_OBJECT_CONVERSION = YES_AGGRESSIVE;
				CLANG_CXX_LANGUAGE_STANDARD = "gnu++20";
				CLANG_ENABLE_MODULES = YES;
				CLANG_ENABLE_OBJC_ARC = YES;
				CLANG_ENABLE_OBJC_WEAK = YES;
				CLANG_WARN_BLOCK_CAPTURE_AUTORELEASING = YES;
				CLANG_WARN_BOOL_CONVERSION = YES;
				CLANG_WARN_COMMA = YES;
				CLANG_WARN_CONSTANT_CONVERSION = YES;
				CLANG_WARN_DEPRECATED_OBJC_IMPLEMENTATIONS = YES;
				CLANG_WARN_DIRECT_OBJC_ISA_USAGE = YES_ERROR;
				CLANG_WARN_DOCUMENTATION_COMMENTS = YES;
				CLANG_WARN_EMPTY_BODY = YES;
				CLANG_WARN_ENUM_CONVERSION = YES;
				CLANG_WARN_INFINITE_RECURSION = YES;
				CLANG_WARN_INT_CONVERSION = YES;
				CLANG_WARN_NON_LITERAL_NULL_CONVERSION = YES;
				CLANG_WARN_OBJC_IMPLICIT_RETAIN_SELF = YES;
				CLANG_WARN_OBJC_LITERAL_CONVERSION = YES;
				CLANG_WARN_OBJC_ROOT_CLASS = YES_ERROR;
				CLANG_WARN_QUOTED_INCLUDE_IN_FRAMEWORK_HEADER = YES;
				CLANG_WARN_RANGE_LOOP_ANALYSIS = YES;
				CLANG_WARN_STRICT_PROTOTYPES = YES;
				CLANG_WARN_SUSPICIOUS_MOVE = YES;
				CLANG_WARN_UNGUARDED_AVAILABILITY = YES_AGGRESSIVE;
				CLANG_WARN_UNREACHABLE_CODE = YES;
				CLANG_WARN__DUPLICATE_METHOD_MATCH = YES;
				COPY_PHASE_STRIP = NO;
				DEBUG_INFORMATION_FORMAT = "dwarf-with-dsym";
				ENABLE_NS_ASSERTIONS = NO;
				ENABLE_STRICT_OBJC_MSGSEND = YES;
				GCC_C_LANGUAGE_STANDARD = gnu11;
				GCC_NO_COMMON_BLOCKS = YES;
				GCC_WARN_64_TO_32_BIT_CONVERSION = YES;
				GCC_WARN_ABOUT_RETURN_TYPE = YES_ERROR;
				GCC_WARN_UNDECLARED_SELECTOR = YES;
				GCC_WARN_UNINITIALIZED_AUTOS = YES_AGGRESSIVE;
				GCC_WARN_UNUSED_FUNCTION = YES;
				GCC_WARN_UNUSED_VARIABLE = YES;
				IPHONEOS_DEPLOYMENT_TARGET = 16.2;
				MTL_ENABLE_DEBUG_INFO = NO;
				MTL_FAST_MATH = YES;
				SDKROOT = iphoneos;
				SWIFT_COMPILATION_MODE = wholemodule;
				SWIFT_OPTIMIZATION_LEVEL = "-O";
				VALIDATE_PRODUCT = YES;
			};
			name = Release;
		};
		DD3DC7362973CD6A0044283E /* Debug */ = {
			isa = XCBuildConfiguration;
			buildSettings = {
				ASSETCATALOG_COMPILER_APPICON_NAME = AppIcon;
				ASSETCATALOG_COMPILER_GLOBAL_ACCENT_COLOR_NAME = AccentColor;
				CODE_SIGN_STYLE = Automatic;
				CURRENT_PROJECT_VERSION = 1;
				DEVELOPMENT_ASSET_PATHS = "\"iExpense/Preview Content\"";
				DEVELOPMENT_TEAM = 9839CKM7A6;
				ENABLE_PREVIEWS = YES;
				GENERATE_INFOPLIST_FILE = YES;
				INFOPLIST_KEY_UIApplicationSceneManifest_Generation = YES;
				INFOPLIST_KEY_UIApplicationSupportsIndirectInputEvents = YES;
				INFOPLIST_KEY_UILaunchScreen_Generation = YES;
				INFOPLIST_KEY_UISupportedInterfaceOrientations_iPad = "UIInterfaceOrientationPortrait UIInterfaceOrientationPortraitUpsideDown UIInterfaceOrientationLandscapeLeft UIInterfaceOrientationLandscapeRight";
				INFOPLIST_KEY_UISupportedInterfaceOrientations_iPhone = "UIInterfaceOrientationPortrait UIInterfaceOrientationLandscapeLeft UIInterfaceOrientationLandscapeRight";
				LD_RUNPATH_SEARCH_PATHS = (
					"$(inherited)",
					"@executable_path/Frameworks",
				);
				MARKETING_VERSION = 1.0;
				PRODUCT_BUNDLE_IDENTIFIER = com.krishmurjani.iExpense;
				PRODUCT_NAME = "$(TARGET_NAME)";
				SWIFT_EMIT_LOC_STRINGS = YES;
				SWIFT_VERSION = 5.0;
				TARGETED_DEVICE_FAMILY = "1,2";
			};
			name = Debug;
		};
		DD3DC7372973CD6A0044283E /* Release */ = {
			isa = XCBuildConfiguration;
			buildSettings = {
				ASSETCATALOG_COMPILER_APPICON_NAME = AppIcon;
				ASSETCATALOG_COMPILER_GLOBAL_ACCENT_COLOR_NAME = AccentColor;
				CODE_SIGN_STYLE = Automatic;
				CURRENT_PROJECT_VERSION = 1;
				DEVELOPMENT_ASSET_PATHS = "\"iExpense/Preview Content\"";
				DEVELOPMENT_TEAM = 9839CKM7A6;
				ENABLE_PREVIEWS = YES;
				GENERATE_INFOPLIST_FILE = YES;
				INFOPLIST_KEY_UIApplicationSceneManifest_Generation = YES;
				INFOPLIST_KEY_UIApplicationSupportsIndirectInputEvents = YES;
				INFOPLIST_KEY_UILaunchScreen_Generation = YES;
				INFOPLIST_KEY_UISupportedInterfaceOrientations_iPad = "UIInterfaceOrientationPortrait UIInterfaceOrientationPortraitUpsideDown UIInterfaceOrientationLandscapeLeft UIInterfaceOrientationLandscapeRight";
				INFOPLIST_KEY_UISupportedInterfaceOrientations_iPhone = "UIInterfaceOrientationPortrait UIInterfaceOrientationLandscapeLeft UIInterfaceOrientationLandscapeRight";
				LD_RUNPATH_SEARCH_PATHS = (
					"$(inherited)",
					"@executable_path/Frameworks",
				);
				MARKETING_VERSION = 1.0;
				PRODUCT_BUNDLE_IDENTIFIER = com.krishmurjani.iExpense;
				PRODUCT_NAME = "$(TARGET_NAME)";
				SWIFT_EMIT_LOC_STRINGS = YES;
				SWIFT_VERSION = 5.0;
				TARGETED_DEVICE_FAMILY = "1,2";
			};
			name = Release;
		};
/* End XCBuildConfiguration section */

/* Begin XCConfigurationList section */
		DD3DC7222973CD660044283E /* Build configuration list for PBXProject "iExpense" */ = {
			isa = XCConfigurationList;
			buildConfigurations = (
				DD3DC7332973CD6A0044283E /* Debug */,
				DD3DC7342973CD6A0044283E /* Release */,
			);
			defaultConfigurationIsVisible = 0;
			defaultConfigurationName = Release;
		};
		DD3DC7352973CD6A0044283E /* Build configuration list for PBXNativeTarget "iExpense" */ = {
			isa = XCConfigurationList;
			buildConfigurations = (
				DD3DC7362973CD6A0044283E /* Debug */,
				DD3DC7372973CD6A0044283E /* Release */,
			);
			defaultConfigurationIsVisible = 0;
			defaultConfigurationName = Release;
		};
/* End XCConfigurationList section */
	};
	rootObject = DD3DC71F2973CD660044283E /* Project object */;
}
